// !$*UTF8*$!
{
	archiveVersion = 1;
	classes = {
	};
	objectVersion = 46;
	objects = {

/* Begin PBXBuildFile section */
		0D4B5EB91DD16826001B2C4A /* AppDelegate.swift in Sources */ = {isa = PBXBuildFile; fileRef = 0D4B5EB81DD16826001B2C4A /* AppDelegate.swift */; };
		0D4B5EBB1DD16826001B2C4A /* ViewController.swift in Sources */ = {isa = PBXBuildFile; fileRef = 0D4B5EBA1DD16826001B2C4A /* ViewController.swift */; };
		0D4B5EBE1DD16826001B2C4A /* Main.storyboard in Resources */ = {isa = PBXBuildFile; fileRef = 0D4B5EBC1DD16826001B2C4A /* Main.storyboard */; };
		0D4B5EC01DD16826001B2C4A /* Assets.xcassets in Resources */ = {isa = PBXBuildFile; fileRef = 0D4B5EBF1DD16826001B2C4A /* Assets.xcassets */; };
		0D4B5EC31DD16826001B2C4A /* LaunchScreen.storyboard in Resources */ = {isa = PBXBuildFile; fileRef = 0D4B5EC11DD16826001B2C4A /* LaunchScreen.storyboard */; };
		0D4B5ECE1DD16826001B2C4A /* infoplistTests.swift in Sources */ = {isa = PBXBuildFile; fileRef = 0D4B5ECD1DD16826001B2C4A /* infoplistTests.swift */; };
		0D4B5ED91DD16826001B2C4A /* infoplistUITests.swift in Sources */ = {isa = PBXBuildFile; fileRef = 0D4B5ED81DD16826001B2C4A /* infoplistUITests.swift */; };
		0D4B5EE51DD169C6001B2C4A /* PropertyList.plist in Resources */ = {isa = PBXBuildFile; fileRef = 0D4B5EE41DD169C6001B2C4A /* PropertyList.plist */; };
		0D4B5EE71DD17D3F001B2C4A /* CareerList.plist in Resources */ = {isa = PBXBuildFile; fileRef = 0D4B5EE61DD17D3F001B2C4A /* CareerList.plist */; };
		0D5FAA121DC5C55E0055CD4F /* AppDelegate.swift in Sources */ = {isa = PBXBuildFile; fileRef = 0D5FAA111DC5C55E0055CD4F /* AppDelegate.swift */; };
		0D5FAA141DC5C55F0055CD4F /* ViewController.swift in Sources */ = {isa = PBXBuildFile; fileRef = 0D5FAA131DC5C55F0055CD4F /* ViewController.swift */; };
		0D5FAA171DC5C55F0055CD4F /* Main.storyboard in Resources */ = {isa = PBXBuildFile; fileRef = 0D5FAA151DC5C55F0055CD4F /* Main.storyboard */; };
		0D5FAA191DC5C55F0055CD4F /* Assets.xcassets in Resources */ = {isa = PBXBuildFile; fileRef = 0D5FAA181DC5C55F0055CD4F /* Assets.xcassets */; };
		0D5FAA1C1DC5C55F0055CD4F /* LaunchScreen.storyboard in Resources */ = {isa = PBXBuildFile; fileRef = 0D5FAA1A1DC5C55F0055CD4F /* LaunchScreen.storyboard */; };
		0D5FAA271DC5C5600055CD4F /* timeTranslateTests.swift in Sources */ = {isa = PBXBuildFile; fileRef = 0D5FAA261DC5C5600055CD4F /* timeTranslateTests.swift */; };
		0D5FAA321DC5C5600055CD4F /* timeTranslateUITests.swift in Sources */ = {isa = PBXBuildFile; fileRef = 0D5FAA311DC5C5600055CD4F /* timeTranslateUITests.swift */; };
		0D5FAA401DC5C6220055CD4F /* TranslateTime.swift in Sources */ = {isa = PBXBuildFile; fileRef = 0D5FAA3F1DC5C6220055CD4F /* TranslateTime.swift */; };
		0D81EAB81DCDB5E500B81516 /* ScrollViewViewController.swift in Sources */ = {isa = PBXBuildFile; fileRef = 0D81EAB71DCDB5E500B81516 /* ScrollViewViewController.swift */; };
		0D81EABB1DCDB81400B81516 /* 2-150521105400.png in Resources */ = {isa = PBXBuildFile; fileRef = 0D81EABA1DCDB81400B81516 /* 2-150521105400.png */; };
		0D81EABD1DCDB82F00B81516 /* 51ebb215a.png in Resources */ = {isa = PBXBuildFile; fileRef = 0D81EABC1DCDB82F00B81516 /* 51ebb215a.png */; };
		0D81EABF1DCDB83800B81516 /* 6358900stacksfly.png in Resources */ = {isa = PBXBuildFile; fileRef = 0D81EABE1DCDB83800B81516 /* 6358900stacksfly.png */; };
		0D81EACA1DCDB84700B81516 /* xinxin1.jpg in Resources */ = {isa = PBXBuildFile; fileRef = 0D81EAC01DCDB84700B81516 /* xinxin1.jpg */; };
		0D81EACB1DCDB84700B81516 /* xinxin2.jpg in Resources */ = {isa = PBXBuildFile; fileRef = 0D81EAC11DCDB84700B81516 /* xinxin2.jpg */; };
		0D81EACC1DCDB84700B81516 /* xinxin3.jpg in Resources */ = {isa = PBXBuildFile; fileRef = 0D81EAC21DCDB84700B81516 /* xinxin3.jpg */; };
		0D81EACD1DCDB84700B81516 /* xinxin4.jpg in Resources */ = {isa = PBXBuildFile; fileRef = 0D81EAC31DCDB84700B81516 /* xinxin4.jpg */; };
		0D81EACE1DCDB84700B81516 /* xinxin5.jpg in Resources */ = {isa = PBXBuildFile; fileRef = 0D81EAC41DCDB84700B81516 /* xinxin5.jpg */; };
		0D81EACF1DCDB84700B81516 /* xinxin6.jpg in Resources */ = {isa = PBXBuildFile; fileRef = 0D81EAC51DCDB84700B81516 /* xinxin6.jpg */; };
		0D81EAD01DCDB84700B81516 /* xinxin7.jpg in Resources */ = {isa = PBXBuildFile; fileRef = 0D81EAC61DCDB84700B81516 /* xinxin7.jpg */; };
		0D81EAD11DCDB84700B81516 /* xinxin8.jpg in Resources */ = {isa = PBXBuildFile; fileRef = 0D81EAC71DCDB84700B81516 /* xinxin8.jpg */; };
		0D81EAD21DCDB84700B81516 /* xinxin9.jpg in Resources */ = {isa = PBXBuildFile; fileRef = 0D81EAC81DCDB84700B81516 /* xinxin9.jpg */; };
		0D81EAD31DCDB84700B81516 /* xinxin10.jpg in Resources */ = {isa = PBXBuildFile; fileRef = 0D81EAC91DCDB84700B81516 /* xinxin10.jpg */; };
		0D81EAD81DCDB88400B81516 /* iCarousel.m in Sources */ = {isa = PBXBuildFile; fileRef = 0D81EAD71DCDB88400B81516 /* iCarousel.m */; };
		0D81EADD1DCDC3E400B81516 /* FXImageView.m in Sources */ = {isa = PBXBuildFile; fileRef = 0D81EADA1DCDC3E400B81516 /* FXImageView.m */; };
		0D81EADE1DCDC3E400B81516 /* UIImage+FX.m in Sources */ = {isa = PBXBuildFile; fileRef = 0D81EADC1DCDC3E400B81516 /* UIImage+FX.m */; };
/* End PBXBuildFile section */

/* Begin PBXContainerItemProxy section */
		0D4B5ECA1DD16826001B2C4A /* PBXContainerItemProxy */ = {
			isa = PBXContainerItemProxy;
			containerPortal = 0D5FAA061DC5C55E0055CD4F /* Project object */;
			proxyType = 1;
			remoteGlobalIDString = 0D4B5EB51DD16826001B2C4A;
			remoteInfo = infoplist;
		};
		0D4B5ED51DD16826001B2C4A /* PBXContainerItemProxy */ = {
			isa = PBXContainerItemProxy;
			containerPortal = 0D5FAA061DC5C55E0055CD4F /* Project object */;
			proxyType = 1;
			remoteGlobalIDString = 0D4B5EB51DD16826001B2C4A;
			remoteInfo = infoplist;
		};
		0D5FAA231DC5C5600055CD4F /* PBXContainerItemProxy */ = {
			isa = PBXContainerItemProxy;
			containerPortal = 0D5FAA061DC5C55E0055CD4F /* Project object */;
			proxyType = 1;
			remoteGlobalIDString = 0D5FAA0D1DC5C55E0055CD4F;
			remoteInfo = timeTranslate;
		};
		0D5FAA2E1DC5C5600055CD4F /* PBXContainerItemProxy */ = {
			isa = PBXContainerItemProxy;
			containerPortal = 0D5FAA061DC5C55E0055CD4F /* Project object */;
			proxyType = 1;
			remoteGlobalIDString = 0D5FAA0D1DC5C55E0055CD4F;
			remoteInfo = timeTranslate;
		};
/* End PBXContainerItemProxy section */

/* Begin PBXFileReference section */
		0D4B5EB61DD16826001B2C4A /* infoplist.app */ = {isa = PBXFileReference; explicitFileType = wrapper.application; includeInIndex = 0; path = infoplist.app; sourceTree = BUILT_PRODUCTS_DIR; };
		0D4B5EB81DD16826001B2C4A /* AppDelegate.swift */ = {isa = PBXFileReference; lastKnownFileType = sourcecode.swift; path = AppDelegate.swift; sourceTree = "<group>"; };
		0D4B5EBA1DD16826001B2C4A /* ViewController.swift */ = {isa = PBXFileReference; lastKnownFileType = sourcecode.swift; path = ViewController.swift; sourceTree = "<group>"; };
		0D4B5EBD1DD16826001B2C4A /* Base */ = {isa = PBXFileReference; lastKnownFileType = file.storyboard; name = Base; path = Base.lproj/Main.storyboard; sourceTree = "<group>"; };
		0D4B5EBF1DD16826001B2C4A /* Assets.xcassets */ = {isa = PBXFileReference; lastKnownFileType = folder.assetcatalog; path = Assets.xcassets; sourceTree = "<group>"; };
		0D4B5EC21DD16826001B2C4A /* Base */ = {isa = PBXFileReference; lastKnownFileType = file.storyboard; name = Base; path = Base.lproj/LaunchScreen.storyboard; sourceTree = "<group>"; };
		0D4B5EC41DD16826001B2C4A /* Info.plist */ = {isa = PBXFileReference; lastKnownFileType = text.plist.xml; path = Info.plist; sourceTree = "<group>"; };
		0D4B5EC91DD16826001B2C4A /* infoplistTests.xctest */ = {isa = PBXFileReference; explicitFileType = wrapper.cfbundle; includeInIndex = 0; path = infoplistTests.xctest; sourceTree = BUILT_PRODUCTS_DIR; };
		0D4B5ECD1DD16826001B2C4A /* infoplistTests.swift */ = {isa = PBXFileReference; lastKnownFileType = sourcecode.swift; path = infoplistTests.swift; sourceTree = "<group>"; };
		0D4B5ECF1DD16826001B2C4A /* Info.plist */ = {isa = PBXFileReference; lastKnownFileType = text.plist.xml; path = Info.plist; sourceTree = "<group>"; };
		0D4B5ED41DD16826001B2C4A /* infoplistUITests.xctest */ = {isa = PBXFileReference; explicitFileType = wrapper.cfbundle; includeInIndex = 0; path = infoplistUITests.xctest; sourceTree = BUILT_PRODUCTS_DIR; };
		0D4B5ED81DD16826001B2C4A /* infoplistUITests.swift */ = {isa = PBXFileReference; lastKnownFileType = sourcecode.swift; path = infoplistUITests.swift; sourceTree = "<group>"; };
		0D4B5EDA1DD16826001B2C4A /* Info.plist */ = {isa = PBXFileReference; lastKnownFileType = text.plist.xml; path = Info.plist; sourceTree = "<group>"; };
		0D4B5EE41DD169C6001B2C4A /* PropertyList.plist */ = {isa = PBXFileReference; fileEncoding = 4; lastKnownFileType = text.plist.xml; path = PropertyList.plist; sourceTree = "<group>"; };
		0D4B5EE61DD17D3F001B2C4A /* CareerList.plist */ = {isa = PBXFileReference; fileEncoding = 4; lastKnownFileType = text.plist.xml; path = CareerList.plist; sourceTree = "<group>"; };
		0D5FAA0E1DC5C55E0055CD4F /* timeTranslate.app */ = {isa = PBXFileReference; explicitFileType = wrapper.application; includeInIndex = 0; path = timeTranslate.app; sourceTree = BUILT_PRODUCTS_DIR; };
		0D5FAA111DC5C55E0055CD4F /* AppDelegate.swift */ = {isa = PBXFileReference; lastKnownFileType = sourcecode.swift; path = AppDelegate.swift; sourceTree = "<group>"; };
		0D5FAA131DC5C55F0055CD4F /* ViewController.swift */ = {isa = PBXFileReference; lastKnownFileType = sourcecode.swift; path = ViewController.swift; sourceTree = "<group>"; };
		0D5FAA161DC5C55F0055CD4F /* Base */ = {isa = PBXFileReference; lastKnownFileType = file.storyboard; name = Base; path = Base.lproj/Main.storyboard; sourceTree = "<group>"; };
		0D5FAA181DC5C55F0055CD4F /* Assets.xcassets */ = {isa = PBXFileReference; lastKnownFileType = folder.assetcatalog; path = Assets.xcassets; sourceTree = "<group>"; };
		0D5FAA1B1DC5C55F0055CD4F /* Base */ = {isa = PBXFileReference; lastKnownFileType = file.storyboard; name = Base; path = Base.lproj/LaunchScreen.storyboard; sourceTree = "<group>"; };
		0D5FAA1D1DC5C5600055CD4F /* Info.plist */ = {isa = PBXFileReference; lastKnownFileType = text.plist.xml; path = Info.plist; sourceTree = "<group>"; };
		0D5FAA221DC5C5600055CD4F /* timeTranslateTests.xctest */ = {isa = PBXFileReference; explicitFileType = wrapper.cfbundle; includeInIndex = 0; path = timeTranslateTests.xctest; sourceTree = BUILT_PRODUCTS_DIR; };
		0D5FAA261DC5C5600055CD4F /* timeTranslateTests.swift */ = {isa = PBXFileReference; lastKnownFileType = sourcecode.swift; path = timeTranslateTests.swift; sourceTree = "<group>"; };
		0D5FAA281DC5C5600055CD4F /* Info.plist */ = {isa = PBXFileReference; lastKnownFileType = text.plist.xml; path = Info.plist; sourceTree = "<group>"; };
		0D5FAA2D1DC5C5600055CD4F /* timeTranslateUITests.xctest */ = {isa = PBXFileReference; explicitFileType = wrapper.cfbundle; includeInIndex = 0; path = timeTranslateUITests.xctest; sourceTree = BUILT_PRODUCTS_DIR; };
		0D5FAA311DC5C5600055CD4F /* timeTranslateUITests.swift */ = {isa = PBXFileReference; lastKnownFileType = sourcecode.swift; path = timeTranslateUITests.swift; sourceTree = "<group>"; };
		0D5FAA331DC5C5600055CD4F /* Info.plist */ = {isa = PBXFileReference; lastKnownFileType = text.plist.xml; path = Info.plist; sourceTree = "<group>"; };
		0D5FAA3F1DC5C6220055CD4F /* TranslateTime.swift */ = {isa = PBXFileReference; fileEncoding = 4; lastKnownFileType = sourcecode.swift; path = TranslateTime.swift; sourceTree = "<group>"; };
		0D81EAB71DCDB5E500B81516 /* ScrollViewViewController.swift */ = {isa = PBXFileReference; fileEncoding = 4; lastKnownFileType = sourcecode.swift; path = ScrollViewViewController.swift; sourceTree = "<group>"; };
		0D81EABA1DCDB81400B81516 /* 2-150521105400.png */ = {isa = PBXFileReference; lastKnownFileType = image.png; path = "2-150521105400.png"; sourceTree = "<group>"; };
		0D81EABC1DCDB82F00B81516 /* 51ebb215a.png */ = {isa = PBXFileReference; lastKnownFileType = image.png; path = 51ebb215a.png; sourceTree = "<group>"; };
		0D81EABE1DCDB83800B81516 /* 6358900stacksfly.png */ = {isa = PBXFileReference; lastKnownFileType = image.png; path = 6358900stacksfly.png; sourceTree = "<group>"; };
		0D81EAC01DCDB84700B81516 /* xinxin1.jpg */ = {isa = PBXFileReference; lastKnownFileType = image.jpeg; path = xinxin1.jpg; sourceTree = "<group>"; };
		0D81EAC11DCDB84700B81516 /* xinxin2.jpg */ = {isa = PBXFileReference; lastKnownFileType = image.jpeg; path = xinxin2.jpg; sourceTree = "<group>"; };
		0D81EAC21DCDB84700B81516 /* xinxin3.jpg */ = {isa = PBXFileReference; lastKnownFileType = image.jpeg; path = xinxin3.jpg; sourceTree = "<group>"; };
		0D81EAC31DCDB84700B81516 /* xinxin4.jpg */ = {isa = PBXFileReference; lastKnownFileType = image.jpeg; path = xinxin4.jpg; sourceTree = "<group>"; };
		0D81EAC41DCDB84700B81516 /* xinxin5.jpg */ = {isa = PBXFileReference; lastKnownFileType = image.jpeg; path = xinxin5.jpg; sourceTree = "<group>"; };
		0D81EAC51DCDB84700B81516 /* xinxin6.jpg */ = {isa = PBXFileReference; lastKnownFileType = image.jpeg; path = xinxin6.jpg; sourceTree = "<group>"; };
		0D81EAC61DCDB84700B81516 /* xinxin7.jpg */ = {isa = PBXFileReference; lastKnownFileType = image.jpeg; path = xinxin7.jpg; sourceTree = "<group>"; };
		0D81EAC71DCDB84700B81516 /* xinxin8.jpg */ = {isa = PBXFileReference; lastKnownFileType = image.jpeg; path = xinxin8.jpg; sourceTree = "<group>"; };
		0D81EAC81DCDB84700B81516 /* xinxin9.jpg */ = {isa = PBXFileReference; lastKnownFileType = image.jpeg; path = xinxin9.jpg; sourceTree = "<group>"; };
		0D81EAC91DCDB84700B81516 /* xinxin10.jpg */ = {isa = PBXFileReference; lastKnownFileType = image.jpeg; path = xinxin10.jpg; sourceTree = "<group>"; };
		0D81EAD51DCDB88400B81516 /* timeTranslate-Bridging-Header.h */ = {isa = PBXFileReference; lastKnownFileType = sourcecode.c.h; path = "timeTranslate-Bridging-Header.h"; sourceTree = "<group>"; };
		0D81EAD61DCDB88400B81516 /* iCarousel.h */ = {isa = PBXFileReference; fileEncoding = 4; lastKnownFileType = sourcecode.c.h; path = iCarousel.h; sourceTree = "<group>"; };
		0D81EAD71DCDB88400B81516 /* iCarousel.m */ = {isa = PBXFileReference; fileEncoding = 4; lastKnownFileType = sourcecode.c.objc; path = iCarousel.m; sourceTree = "<group>"; };
		0D81EAD91DCDC3E400B81516 /* FXImageView.h */ = {isa = PBXFileReference; fileEncoding = 4; lastKnownFileType = sourcecode.c.h; path = FXImageView.h; sourceTree = "<group>"; };
		0D81EADA1DCDC3E400B81516 /* FXImageView.m */ = {isa = PBXFileReference; fileEncoding = 4; lastKnownFileType = sourcecode.c.objc; path = FXImageView.m; sourceTree = "<group>"; };
		0D81EADB1DCDC3E400B81516 /* UIImage+FX.h */ = {isa = PBXFileReference; fileEncoding = 4; lastKnownFileType = sourcecode.c.h; path = "UIImage+FX.h"; sourceTree = "<group>"; };
		0D81EADC1DCDC3E400B81516 /* UIImage+FX.m */ = {isa = PBXFileReference; fileEncoding = 4; lastKnownFileType = sourcecode.c.objc; path = "UIImage+FX.m"; sourceTree = "<group>"; };
/* End PBXFileReference section */

/* Begin PBXFrameworksBuildPhase section */
		0D4B5EB31DD16826001B2C4A /* Frameworks */ = {
			isa = PBXFrameworksBuildPhase;
			buildActionMask = 2147483647;
			files = (
			);
			runOnlyForDeploymentPostprocessing = 0;
		};
		0D4B5EC61DD16826001B2C4A /* Frameworks */ = {
			isa = PBXFrameworksBuildPhase;
			buildActionMask = 2147483647;
			files = (
			);
			runOnlyForDeploymentPostprocessing = 0;
		};
		0D4B5ED11DD16826001B2C4A /* Frameworks */ = {
			isa = PBXFrameworksBuildPhase;
			buildActionMask = 2147483647;
			files = (
			);
			runOnlyForDeploymentPostprocessing = 0;
		};
		0D5FAA0B1DC5C55E0055CD4F /* Frameworks */ = {
			isa = PBXFrameworksBuildPhase;
			buildActionMask = 2147483647;
			files = (
			);
			runOnlyForDeploymentPostprocessing = 0;
		};
		0D5FAA1F1DC5C5600055CD4F /* Frameworks */ = {
			isa = PBXFrameworksBuildPhase;
			buildActionMask = 2147483647;
			files = (
			);
			runOnlyForDeploymentPostprocessing = 0;
		};
		0D5FAA2A1DC5C5600055CD4F /* Frameworks */ = {
			isa = PBXFrameworksBuildPhase;
			buildActionMask = 2147483647;
			files = (
			);
			runOnlyForDeploymentPostprocessing = 0;
		};
/* End PBXFrameworksBuildPhase section */

/* Begin PBXGroup section */
		0D4B5EB71DD16826001B2C4A /* infoplist */ = {
			isa = PBXGroup;
			children = (
				0D4B5EB81DD16826001B2C4A /* AppDelegate.swift */,
				0D4B5EBA1DD16826001B2C4A /* ViewController.swift */,
				0D4B5EE61DD17D3F001B2C4A /* CareerList.plist */,
				0D4B5EE41DD169C6001B2C4A /* PropertyList.plist */,
				0D4B5EBC1DD16826001B2C4A /* Main.storyboard */,
				0D4B5EBF1DD16826001B2C4A /* Assets.xcassets */,
				0D4B5EC11DD16826001B2C4A /* LaunchScreen.storyboard */,
				0D4B5EC41DD16826001B2C4A /* Info.plist */,
			);
			path = infoplist;
			sourceTree = "<group>";
		};
		0D4B5ECC1DD16826001B2C4A /* infoplistTests */ = {
			isa = PBXGroup;
			children = (
				0D4B5ECD1DD16826001B2C4A /* infoplistTests.swift */,
				0D4B5ECF1DD16826001B2C4A /* Info.plist */,
			);
			path = infoplistTests;
			sourceTree = "<group>";
		};
		0D4B5ED71DD16826001B2C4A /* infoplistUITests */ = {
			isa = PBXGroup;
			children = (
				0D4B5ED81DD16826001B2C4A /* infoplistUITests.swift */,
				0D4B5EDA1DD16826001B2C4A /* Info.plist */,
			);
			path = infoplistUITests;
			sourceTree = "<group>";
		};
		0D5FAA051DC5C55E0055CD4F = {
			isa = PBXGroup;
			children = (
				0D5FAA101DC5C55E0055CD4F /* timeTranslate */,
				0D5FAA251DC5C5600055CD4F /* timeTranslateTests */,
				0D5FAA301DC5C5600055CD4F /* timeTranslateUITests */,
				0D4B5EB71DD16826001B2C4A /* infoplist */,
				0D4B5ECC1DD16826001B2C4A /* infoplistTests */,
				0D4B5ED71DD16826001B2C4A /* infoplistUITests */,
				0D5FAA0F1DC5C55E0055CD4F /* Products */,
			);
			sourceTree = "<group>";
		};
		0D5FAA0F1DC5C55E0055CD4F /* Products */ = {
			isa = PBXGroup;
			children = (
				0D5FAA0E1DC5C55E0055CD4F /* timeTranslate.app */,
				0D5FAA221DC5C5600055CD4F /* timeTranslateTests.xctest */,
				0D5FAA2D1DC5C5600055CD4F /* timeTranslateUITests.xctest */,
				0D4B5EB61DD16826001B2C4A /* infoplist.app */,
				0D4B5EC91DD16826001B2C4A /* infoplistTests.xctest */,
				0D4B5ED41DD16826001B2C4A /* infoplistUITests.xctest */,
			);
			name = Products;
			sourceTree = "<group>";
		};
		0D5FAA101DC5C55E0055CD4F /* timeTranslate */ = {
			isa = PBXGroup;
			children = (
				0D5FAA111DC5C55E0055CD4F /* AppDelegate.swift */,
				0D5FAA131DC5C55F0055CD4F /* ViewController.swift */,
				0D5FAA3F1DC5C6220055CD4F /* TranslateTime.swift */,
				0D81EAB71DCDB5E500B81516 /* ScrollViewViewController.swift */,
				0D81EAD41DCDB85800B81516 /* ThreePart */,
				0D81EAB91DCDB7F800B81516 /* images */,
				0D5FAA151DC5C55F0055CD4F /* Main.storyboard */,
				0D5FAA181DC5C55F0055CD4F /* Assets.xcassets */,
				0D5FAA1A1DC5C55F0055CD4F /* LaunchScreen.storyboard */,
				0D5FAA1D1DC5C5600055CD4F /* Info.plist */,
			);
			path = timeTranslate;
			sourceTree = "<group>";
		};
		0D5FAA251DC5C5600055CD4F /* timeTranslateTests */ = {
			isa = PBXGroup;
			children = (
				0D5FAA261DC5C5600055CD4F /* timeTranslateTests.swift */,
				0D5FAA281DC5C5600055CD4F /* Info.plist */,
			);
			path = timeTranslateTests;
			sourceTree = "<group>";
		};
		0D5FAA301DC5C5600055CD4F /* timeTranslateUITests */ = {
			isa = PBXGroup;
			children = (
				0D5FAA311DC5C5600055CD4F /* timeTranslateUITests.swift */,
				0D5FAA331DC5C5600055CD4F /* Info.plist */,
			);
			path = timeTranslateUITests;
			sourceTree = "<group>";
		};
		0D81EAB91DCDB7F800B81516 /* images */ = {
			isa = PBXGroup;
			children = (
				0D81EABA1DCDB81400B81516 /* 2-150521105400.png */,
				0D81EABC1DCDB82F00B81516 /* 51ebb215a.png */,
				0D81EABE1DCDB83800B81516 /* 6358900stacksfly.png */,
				0D81EAC01DCDB84700B81516 /* xinxin1.jpg */,
				0D81EAC11DCDB84700B81516 /* xinxin2.jpg */,
				0D81EAC21DCDB84700B81516 /* xinxin3.jpg */,
				0D81EAC31DCDB84700B81516 /* xinxin4.jpg */,
				0D81EAC41DCDB84700B81516 /* xinxin5.jpg */,
				0D81EAC51DCDB84700B81516 /* xinxin6.jpg */,
				0D81EAC61DCDB84700B81516 /* xinxin7.jpg */,
				0D81EAC71DCDB84700B81516 /* xinxin8.jpg */,
				0D81EAC81DCDB84700B81516 /* xinxin9.jpg */,
				0D81EAC91DCDB84700B81516 /* xinxin10.jpg */,
			);
			name = images;
			sourceTree = "<group>";
		};
		0D81EAD41DCDB85800B81516 /* ThreePart */ = {
			isa = PBXGroup;
			children = (
				0D81EAD61DCDB88400B81516 /* iCarousel.h */,
				0D81EAD71DCDB88400B81516 /* iCarousel.m */,
				0D81EAD91DCDC3E400B81516 /* FXImageView.h */,
				0D81EADA1DCDC3E400B81516 /* FXImageView.m */,
				0D81EADB1DCDC3E400B81516 /* UIImage+FX.h */,
				0D81EADC1DCDC3E400B81516 /* UIImage+FX.m */,
				0D81EAD51DCDB88400B81516 /* timeTranslate-Bridging-Header.h */,
			);
			name = ThreePart;
			sourceTree = "<group>";
		};
/* End PBXGroup section */

/* Begin PBXNativeTarget section */
		0D4B5EB51DD16826001B2C4A /* infoplist */ = {
			isa = PBXNativeTarget;
			buildConfigurationList = 0D4B5EE11DD16826001B2C4A /* Build configuration list for PBXNativeTarget "infoplist" */;
			buildPhases = (
				0D4B5EB21DD16826001B2C4A /* Sources */,
				0D4B5EB31DD16826001B2C4A /* Frameworks */,
				0D4B5EB41DD16826001B2C4A /* Resources */,
			);
			buildRules = (
			);
			dependencies = (
			);
			name = infoplist;
			productName = infoplist;
			productReference = 0D4B5EB61DD16826001B2C4A /* infoplist.app */;
			productType = "com.apple.product-type.application";
		};
		0D4B5EC81DD16826001B2C4A /* infoplistTests */ = {
			isa = PBXNativeTarget;
			buildConfigurationList = 0D4B5EE21DD16826001B2C4A /* Build configuration list for PBXNativeTarget "infoplistTests" */;
			buildPhases = (
				0D4B5EC51DD16826001B2C4A /* Sources */,
				0D4B5EC61DD16826001B2C4A /* Frameworks */,
				0D4B5EC71DD16826001B2C4A /* Resources */,
			);
			buildRules = (
			);
			dependencies = (
				0D4B5ECB1DD16826001B2C4A /* PBXTargetDependency */,
			);
			name = infoplistTests;
			productName = infoplistTests;
			productReference = 0D4B5EC91DD16826001B2C4A /* infoplistTests.xctest */;
			productType = "com.apple.product-type.bundle.unit-test";
		};
		0D4B5ED31DD16826001B2C4A /* infoplistUITests */ = {
			isa = PBXNativeTarget;
			buildConfigurationList = 0D4B5EE31DD16826001B2C4A /* Build configuration list for PBXNativeTarget "infoplistUITests" */;
			buildPhases = (
				0D4B5ED01DD16826001B2C4A /* Sources */,
				0D4B5ED11DD16826001B2C4A /* Frameworks */,
				0D4B5ED21DD16826001B2C4A /* Resources */,
			);
			buildRules = (
			);
			dependencies = (
				0D4B5ED61DD16826001B2C4A /* PBXTargetDependency */,
			);
			name = infoplistUITests;
			productName = infoplistUITests;
			productReference = 0D4B5ED41DD16826001B2C4A /* infoplistUITests.xctest */;
			productType = "com.apple.product-type.bundle.ui-testing";
		};
		0D5FAA0D1DC5C55E0055CD4F /* timeTranslate */ = {
			isa = PBXNativeTarget;
			buildConfigurationList = 0D5FAA361DC5C5600055CD4F /* Build configuration list for PBXNativeTarget "timeTranslate" */;
			buildPhases = (
				0D5FAA0A1DC5C55E0055CD4F /* Sources */,
				0D5FAA0B1DC5C55E0055CD4F /* Frameworks */,
				0D5FAA0C1DC5C55E0055CD4F /* Resources */,
			);
			buildRules = (
			);
			dependencies = (
			);
			name = timeTranslate;
			productName = timeTranslate;
			productReference = 0D5FAA0E1DC5C55E0055CD4F /* timeTranslate.app */;
			productType = "com.apple.product-type.application";
		};
		0D5FAA211DC5C5600055CD4F /* timeTranslateTests */ = {
			isa = PBXNativeTarget;
			buildConfigurationList = 0D5FAA391DC5C5600055CD4F /* Build configuration list for PBXNativeTarget "timeTranslateTests" */;
			buildPhases = (
				0D5FAA1E1DC5C5600055CD4F /* Sources */,
				0D5FAA1F1DC5C5600055CD4F /* Frameworks */,
				0D5FAA201DC5C5600055CD4F /* Resources */,
			);
			buildRules = (
			);
			dependencies = (
				0D5FAA241DC5C5600055CD4F /* PBXTargetDependency */,
			);
			name = timeTranslateTests;
			productName = timeTranslateTests;
			productReference = 0D5FAA221DC5C5600055CD4F /* timeTranslateTests.xctest */;
			productType = "com.apple.product-type.bundle.unit-test";
		};
		0D5FAA2C1DC5C5600055CD4F /* timeTranslateUITests */ = {
			isa = PBXNativeTarget;
			buildConfigurationList = 0D5FAA3C1DC5C5600055CD4F /* Build configuration list for PBXNativeTarget "timeTranslateUITests" */;
			buildPhases = (
				0D5FAA291DC5C5600055CD4F /* Sources */,
				0D5FAA2A1DC5C5600055CD4F /* Frameworks */,
				0D5FAA2B1DC5C5600055CD4F /* Resources */,
			);
			buildRules = (
			);
			dependencies = (
				0D5FAA2F1DC5C5600055CD4F /* PBXTargetDependency */,
			);
			name = timeTranslateUITests;
			productName = timeTranslateUITests;
			productReference = 0D5FAA2D1DC5C5600055CD4F /* timeTranslateUITests.xctest */;
			productType = "com.apple.product-type.bundle.ui-testing";
		};
/* End PBXNativeTarget section */

/* Begin PBXProject section */
		0D5FAA061DC5C55E0055CD4F /* Project object */ = {
			isa = PBXProject;
			attributes = {
				LastSwiftUpdateCheck = 0730;
				LastUpgradeCheck = 0730;
				ORGANIZATIONNAME = pengma;
				TargetAttributes = {
					0D4B5EB51DD16826001B2C4A = {
						CreatedOnToolsVersion = 7.3.1;
					};
					0D4B5EC81DD16826001B2C4A = {
						CreatedOnToolsVersion = 7.3.1;
						TestTargetID = 0D4B5EB51DD16826001B2C4A;
					};
					0D4B5ED31DD16826001B2C4A = {
						CreatedOnToolsVersion = 7.3.1;
						TestTargetID = 0D4B5EB51DD16826001B2C4A;
					};
					0D5FAA0D1DC5C55E0055CD4F = {
						CreatedOnToolsVersion = 7.3.1;
					};
					0D5FAA211DC5C5600055CD4F = {
						CreatedOnToolsVersion = 7.3.1;
						TestTargetID = 0D5FAA0D1DC5C55E0055CD4F;
					};
					0D5FAA2C1DC5C5600055CD4F = {
						CreatedOnToolsVersion = 7.3.1;
						TestTargetID = 0D5FAA0D1DC5C55E0055CD4F;
					};
				};
			};
			buildConfigurationList = 0D5FAA091DC5C55E0055CD4F /* Build configuration list for PBXProject "timeTranslate" */;
			compatibilityVersion = "Xcode 3.2";
			developmentRegion = English;
			hasScannedForEncodings = 0;
			knownRegions = (
				en,
				Base,
			);
			mainGroup = 0D5FAA051DC5C55E0055CD4F;
			productRefGroup = 0D5FAA0F1DC5C55E0055CD4F /* Products */;
			projectDirPath = "";
			projectRoot = "";
			targets = (
				0D5FAA0D1DC5C55E0055CD4F /* timeTranslate */,
				0D5FAA211DC5C5600055CD4F /* timeTranslateTests */,
				0D5FAA2C1DC5C5600055CD4F /* timeTranslateUITests */,
				0D4B5EB51DD16826001B2C4A /* infoplist */,
				0D4B5EC81DD16826001B2C4A /* infoplistTests */,
				0D4B5ED31DD16826001B2C4A /* infoplistUITests */,
			);
		};
/* End PBXProject section */

/* Begin PBXResourcesBuildPhase section */
		0D4B5EB41DD16826001B2C4A /* Resources */ = {
			isa = PBXResourcesBuildPhase;
			buildActionMask = 2147483647;
			files = (
				0D4B5EC31DD16826001B2C4A /* LaunchScreen.storyboard in Resources */,
				0D4B5EC01DD16826001B2C4A /* Assets.xcassets in Resources */,
				0D4B5EE71DD17D3F001B2C4A /* CareerList.plist in Resources */,
				0D4B5EE51DD169C6001B2C4A /* PropertyList.plist in Resources */,
				0D4B5EBE1DD16826001B2C4A /* Main.storyboard in Resources */,
			);
			runOnlyForDeploymentPostprocessing = 0;
		};
		0D4B5EC71DD16826001B2C4A /* Resources */ = {
			isa = PBXResourcesBuildPhase;
			buildActionMask = 2147483647;
			files = (
			);
			runOnlyForDeploymentPostprocessing = 0;
		};
		0D4B5ED21DD16826001B2C4A /* Resources */ = {
			isa = PBXResourcesBuildPhase;
			buildActionMask = 2147483647;
			files = (
			);
			runOnlyForDeploymentPostprocessing = 0;
		};
		0D5FAA0C1DC5C55E0055CD4F /* Resources */ = {
			isa = PBXResourcesBuildPhase;
			buildActionMask = 2147483647;
			files = (
				0D81EABB1DCDB81400B81516 /* 2-150521105400.png in Resources */,
				0D81EACE1DCDB84700B81516 /* xinxin5.jpg in Resources */,
				0D5FAA1C1DC5C55F0055CD4F /* LaunchScreen.storyboard in Resources */,
				0D81EACB1DCDB84700B81516 /* xinxin2.jpg in Resources */,
				0D81EAD11DCDB84700B81516 /* xinxin8.jpg in Resources */,
				0D81EACC1DCDB84700B81516 /* xinxin3.jpg in Resources */,
				0D81EAD21DCDB84700B81516 /* xinxin9.jpg in Resources */,
				0D81EABF1DCDB83800B81516 /* 6358900stacksfly.png in Resources */,
				0D81EACF1DCDB84700B81516 /* xinxin6.jpg in Resources */,
				0D81EABD1DCDB82F00B81516 /* 51ebb215a.png in Resources */,
				0D81EAD31DCDB84700B81516 /* xinxin10.jpg in Resources */,
				0D81EACD1DCDB84700B81516 /* xinxin4.jpg in Resources */,
				0D81EACA1DCDB84700B81516 /* xinxin1.jpg in Resources */,
				0D81EAD01DCDB84700B81516 /* xinxin7.jpg in Resources */,
				0D5FAA191DC5C55F0055CD4F /* Assets.xcassets in Resources */,
				0D5FAA171DC5C55F0055CD4F /* Main.storyboard in Resources */,
			);
			runOnlyForDeploymentPostprocessing = 0;
		};
		0D5FAA201DC5C5600055CD4F /* Resources */ = {
			isa = PBXResourcesBuildPhase;
			buildActionMask = 2147483647;
			files = (
			);
			runOnlyForDeploymentPostprocessing = 0;
		};
		0D5FAA2B1DC5C5600055CD4F /* Resources */ = {
			isa = PBXResourcesBuildPhase;
			buildActionMask = 2147483647;
			files = (
			);
			runOnlyForDeploymentPostprocessing = 0;
		};
/* End PBXResourcesBuildPhase section */

/* Begin PBXSourcesBuildPhase section */
		0D4B5EB21DD16826001B2C4A /* Sources */ = {
			isa = PBXSourcesBuildPhase;
			buildActionMask = 2147483647;
			files = (
				0D4B5EBB1DD16826001B2C4A /* ViewController.swift in Sources */,
				0D4B5EB91DD16826001B2C4A /* AppDelegate.swift in Sources */,
			);
			runOnlyForDeploymentPostprocessing = 0;
		};
		0D4B5EC51DD16826001B2C4A /* Sources */ = {
			isa = PBXSourcesBuildPhase;
			buildActionMask = 2147483647;
			files = (
				0D4B5ECE1DD16826001B2C4A /* infoplistTests.swift in Sources */,
			);
			runOnlyForDeploymentPostprocessing = 0;
		};
		0D4B5ED01DD16826001B2C4A /* Sources */ = {
			isa = PBXSourcesBuildPhase;
			buildActionMask = 2147483647;
			files = (
				0D4B5ED91DD16826001B2C4A /* infoplistUITests.swift in Sources */,
			);
			runOnlyForDeploymentPostprocessing = 0;
		};
		0D5FAA0A1DC5C55E0055CD4F /* Sources */ = {
			isa = PBXSourcesBuildPhase;
			buildActionMask = 2147483647;
			files = (
				0D5FAA141DC5C55F0055CD4F /* ViewController.swift in Sources */,
				0D81EAD81DCDB88400B81516 /* iCarousel.m in Sources */,
				0D5FAA401DC5C6220055CD4F /* TranslateTime.swift in Sources */,
				0D81EAB81DCDB5E500B81516 /* ScrollViewViewController.swift in Sources */,
				0D81EADD1DCDC3E400B81516 /* FXImageView.m in Sources */,
				0D81EADE1DCDC3E400B81516 /* UIImage+FX.m in Sources */,
				0D5FAA121DC5C55E0055CD4F /* AppDelegate.swift in Sources */,
			);
			runOnlyForDeploymentPostprocessing = 0;
		};
		0D5FAA1E1DC5C5600055CD4F /* Sources */ = {
			isa = PBXSourcesBuildPhase;
			buildActionMask = 2147483647;
			files = (
				0D5FAA271DC5C5600055CD4F /* timeTranslateTests.swift in Sources */,
			);
			runOnlyForDeploymentPostprocessing = 0;
		};
		0D5FAA291DC5C5600055CD4F /* Sources */ = {
			isa = PBXSourcesBuildPhase;
			buildActionMask = 2147483647;
			files = (
				0D5FAA321DC5C5600055CD4F /* timeTranslateUITests.swift in Sources */,
			);
			runOnlyForDeploymentPostprocessing = 0;
		};
/* End PBXSourcesBuildPhase section */

/* Begin PBXTargetDependency section */
		0D4B5ECB1DD16826001B2C4A /* PBXTargetDependency */ = {
			isa = PBXTargetDependency;
			target = 0D4B5EB51DD16826001B2C4A /* infoplist */;
			targetProxy = 0D4B5ECA1DD16826001B2C4A /* PBXContainerItemProxy */;
		};
		0D4B5ED61DD16826001B2C4A /* PBXTargetDependency */ = {
			isa = PBXTargetDependency;
			target = 0D4B5EB51DD16826001B2C4A /* infoplist */;
			targetProxy = 0D4B5ED51DD16826001B2C4A /* PBXContainerItemProxy */;
		};
		0D5FAA241DC5C5600055CD4F /* PBXTargetDependency */ = {
			isa = PBXTargetDependency;
			target = 0D5FAA0D1DC5C55E0055CD4F /* timeTranslate */;
			targetProxy = 0D5FAA231DC5C5600055CD4F /* PBXContainerItemProxy */;
		};
		0D5FAA2F1DC5C5600055CD4F /* PBXTargetDependency */ = {
			isa = PBXTargetDependency;
			target = 0D5FAA0D1DC5C55E0055CD4F /* timeTranslate */;
			targetProxy = 0D5FAA2E1DC5C5600055CD4F /* PBXContainerItemProxy */;
		};
/* End PBXTargetDependency section */

/* Begin PBXVariantGroup section */
		0D4B5EBC1DD16826001B2C4A /* Main.storyboard */ = {
			isa = PBXVariantGroup;
			children = (
				0D4B5EBD1DD16826001B2C4A /* Base */,
			);
			name = Main.storyboard;
			sourceTree = "<group>";
		};
		0D4B5EC11DD16826001B2C4A /* LaunchScreen.storyboard */ = {
			isa = PBXVariantGroup;
			children = (
				0D4B5EC21DD16826001B2C4A /* Base */,
			);
			name = LaunchScreen.storyboard;
			sourceTree = "<group>";
		};
		0D5FAA151DC5C55F0055CD4F /* Main.storyboard */ = {
			isa = PBXVariantGroup;
			children = (
				0D5FAA161DC5C55F0055CD4F /* Base */,
			);
			name = Main.storyboard;
			sourceTree = "<group>";
		};
		0D5FAA1A1DC5C55F0055CD4F /* LaunchScreen.storyboard */ = {
			isa = PBXVariantGroup;
			children = (
				0D5FAA1B1DC5C55F0055CD4F /* Base */,
			);
			name = LaunchScreen.storyboard;
			sourceTree = "<group>";
		};
/* End PBXVariantGroup section */

/* Begin XCBuildConfiguration section */
		0D4B5EDB1DD16826001B2C4A /* Debug */ = {
			isa = XCBuildConfiguration;
			buildSettings = {
				ASSETCATALOG_COMPILER_APPICON_NAME = AppIcon;
				INFOPLIST_FILE = infoplist/Info.plist;
				LD_RUNPATH_SEARCH_PATHS = "$(inherited) @executable_path/Frameworks";
				PRODUCT_BUNDLE_IDENTIFIER = pengma.infoplist;
				PRODUCT_NAME = "$(TARGET_NAME)";
			};
			name = Debug;
		};
		0D4B5EDC1DD16826001B2C4A /* Release */ = {
			isa = XCBuildConfiguration;
			buildSettings = {
				ASSETCATALOG_COMPILER_APPICON_NAME = AppIcon;
				INFOPLIST_FILE = infoplist/Info.plist;
				LD_RUNPATH_SEARCH_PATHS = "$(inherited) @executable_path/Frameworks";
				PRODUCT_BUNDLE_IDENTIFIER = pengma.infoplist;
				PRODUCT_NAME = "$(TARGET_NAME)";
			};
			name = Release;
		};
		0D4B5EDD1DD16826001B2C4A /* Debug */ = {
			isa = XCBuildConfiguration;
			buildSettings = {
				BUNDLE_LOADER = "$(TEST_HOST)";
				INFOPLIST_FILE = infoplistTests/Info.plist;
				LD_RUNPATH_SEARCH_PATHS = "$(inherited) @executable_path/Frameworks @loader_path/Frameworks";
				PRODUCT_BUNDLE_IDENTIFIER = pengma.infoplistTests;
				PRODUCT_NAME = "$(TARGET_NAME)";
				TEST_HOST = "$(BUILT_PRODUCTS_DIR)/infoplist.app/infoplist";
			};
			name = Debug;
		};
		0D4B5EDE1DD16826001B2C4A /* Release */ = {
			isa = XCBuildConfiguration;
			buildSettings = {
				BUNDLE_LOADER = "$(TEST_HOST)";
				INFOPLIST_FILE = infoplistTests/Info.plist;
				LD_RUNPATH_SEARCH_PATHS = "$(inherited) @executable_path/Frameworks @loader_path/Frameworks";
				PRODUCT_BUNDLE_IDENTIFIER = pengma.infoplistTests;
				PRODUCT_NAME = "$(TARGET_NAME)";
				TEST_HOST = "$(BUILT_PRODUCTS_DIR)/infoplist.app/infoplist";
			};
			name = Release;
		};
		0D4B5EDF1DD16826001B2C4A /* Debug */ = {
			isa = XCBuildConfiguration;
			buildSettings = {
				INFOPLIST_FILE = infoplistUITests/Info.plist;
				LD_RUNPATH_SEARCH_PATHS = "$(inherited) @executable_path/Frameworks @loader_path/Frameworks";
				PRODUCT_BUNDLE_IDENTIFIER = pengma.infoplistUITests;
				PRODUCT_NAME = "$(TARGET_NAME)";
				TEST_TARGET_NAME = infoplist;
			};
			name = Debug;
		};
		0D4B5EE01DD16826001B2C4A /* Release */ = {
			isa = XCBuildConfiguration;
			buildSettings = {
				INFOPLIST_FILE = infoplistUITests/Info.plist;
				LD_RUNPATH_SEARCH_PATHS = "$(inherited) @executable_path/Frameworks @loader_path/Frameworks";
				PRODUCT_BUNDLE_IDENTIFIER = pengma.infoplistUITests;
				PRODUCT_NAME = "$(TARGET_NAME)";
				TEST_TARGET_NAME = infoplist;
			};
			name = Release;
		};
		0D5FAA341DC5C5600055CD4F /* Debug */ = {
			isa = XCBuildConfiguration;
			buildSettings = {
				ALWAYS_SEARCH_USER_PATHS = NO;
				CLANG_ANALYZER_NONNULL = YES;
				CLANG_CXX_LANGUAGE_STANDARD = "gnu++0x";
				CLANG_CXX_LIBRARY = "libc++";
				CLANG_ENABLE_MODULES = YES;
				CLANG_ENABLE_OBJC_ARC = YES;
				CLANG_WARN_BOOL_CONVERSION = YES;
				CLANG_WARN_CONSTANT_CONVERSION = YES;
				CLANG_WARN_DIRECT_OBJC_ISA_USAGE = YES_ERROR;
				CLANG_WARN_EMPTY_BODY = YES;
				CLANG_WARN_ENUM_CONVERSION = YES;
				CLANG_WARN_INT_CONVERSION = YES;
				CLANG_WARN_OBJC_ROOT_CLASS = YES_ERROR;
				CLANG_WARN_UNREACHABLE_CODE = YES;
				CLANG_WARN__DUPLICATE_METHOD_MATCH = YES;
				"CODE_SIGN_IDENTITY[sdk=iphoneos*]" = "iPhone Developer";
				COPY_PHASE_STRIP = NO;
				DEBUG_INFORMATION_FORMAT = dwarf;
				ENABLE_STRICT_OBJC_MSGSEND = YES;
				ENABLE_TESTABILITY = YES;
				GCC_C_LANGUAGE_STANDARD = gnu99;
				GCC_DYNAMIC_NO_PIC = NO;
				GCC_NO_COMMON_BLOCKS = YES;
				GCC_OPTIMIZATION_LEVEL = 0;
				GCC_PREPROCESSOR_DEFINITIONS = (
					"DEBUG=1",
					"$(inherited)",
				);
				GCC_WARN_64_TO_32_BIT_CONVERSION = YES;
				GCC_WARN_ABOUT_RETURN_TYPE = YES_ERROR;
				GCC_WARN_UNDECLARED_SELECTOR = YES;
				GCC_WARN_UNINITIALIZED_AUTOS = YES_AGGRESSIVE;
				GCC_WARN_UNUSED_FUNCTION = YES;
				GCC_WARN_UNUSED_VARIABLE = YES;
				IPHONEOS_DEPLOYMENT_TARGET = 9.3;
				MTL_ENABLE_DEBUG_INFO = YES;
				ONLY_ACTIVE_ARCH = YES;
				SDKROOT = iphoneos;
				SWIFT_OPTIMIZATION_LEVEL = "-Onone";
				TARGETED_DEVICE_FAMILY = "1,2";
			};
			name = Debug;
		};
		0D5FAA351DC5C5600055CD4F /* Release */ = {
			isa = XCBuildConfiguration;
			buildSettings = {
				ALWAYS_SEARCH_USER_PATHS = NO;
				CLANG_ANALYZER_NONNULL = YES;
				CLANG_CXX_LANGUAGE_STANDARD = "gnu++0x";
				CLANG_CXX_LIBRARY = "libc++";
				CLANG_ENABLE_MODULES = YES;
				CLANG_ENABLE_OBJC_ARC = YES;
				CLANG_WARN_BOOL_CONVERSION = YES;
				CLANG_WARN_CONSTANT_CONVERSION = YES;
				CLANG_WARN_DIRECT_OBJC_ISA_USAGE = YES_ERROR;
				CLANG_WARN_EMPTY_BODY = YES;
				CLANG_WARN_ENUM_CONVERSION = YES;
				CLANG_WARN_INT_CONVERSION = YES;
				CLANG_WARN_OBJC_ROOT_CLASS = YES_ERROR;
				CLANG_WARN_UNREACHABLE_CODE = YES;
				CLANG_WARN__DUPLICATE_METHOD_MATCH = YES;
				"CODE_SIGN_IDENTITY[sdk=iphoneos*]" = "iPhone Developer";
				COPY_PHASE_STRIP = NO;
				DEBUG_INFORMATION_FORMAT = "dwarf-with-dsym";
				ENABLE_NS_ASSERTIONS = NO;
				ENABLE_STRICT_OBJC_MSGSEND = YES;
				GCC_C_LANGUAGE_STANDARD = gnu99;
				GCC_NO_COMMON_BLOCKS = YES;
				GCC_WARN_64_TO_32_BIT_CONVERSION = YES;
				GCC_WARN_ABOUT_RETURN_TYPE = YES_ERROR;
				GCC_WARN_UNDECLARED_SELECTOR = YES;
				GCC_WARN_UNINITIALIZED_AUTOS = YES_AGGRESSIVE;
				GCC_WARN_UNUSED_FUNCTION = YES;
				GCC_WARN_UNUSED_VARIABLE = YES;
				IPHONEOS_DEPLOYMENT_TARGET = 9.3;
				MTL_ENABLE_DEBUG_INFO = NO;
				SDKROOT = iphoneos;
				TARGETED_DEVICE_FAMILY = "1,2";
				VALIDATE_PRODUCT = YES;
			};
			name = Release;
		};
		0D5FAA371DC5C5600055CD4F /* Debug */ = {
			isa = XCBuildConfiguration;
			buildSettings = {
				ASSETCATALOG_COMPILER_APPICON_NAME = AppIcon;
				CLANG_ENABLE_MODULES = YES;
				INFOPLIST_FILE = timeTranslate/Info.plist;
				LD_RUNPATH_SEARCH_PATHS = "$(inherited) @executable_path/Frameworks";
				PRODUCT_BUNDLE_IDENTIFIER = pengma.timeTranslate;
				PRODUCT_NAME = "$(TARGET_NAME)";
				SWIFT_OBJC_BRIDGING_HEADER = "timeTranslate/timeTranslate-Bridging-Header.h";
				SWIFT_OPTIMIZATION_LEVEL = "-Onone";
			};
			name = Debug;
		};
		0D5FAA381DC5C5600055CD4F /* Release */ = {
			isa = XCBuildConfiguration;
			buildSettings = {
				ASSETCATALOG_COMPILER_APPICON_NAME = AppIcon;
				CLANG_ENABLE_MODULES = YES;
				INFOPLIST_FILE = timeTranslate/Info.plist;
				LD_RUNPATH_SEARCH_PATHS = "$(inherited) @executable_path/Frameworks";
				PRODUCT_BUNDLE_IDENTIFIER = pengma.timeTranslate;
				PRODUCT_NAME = "$(TARGET_NAME)";
				SWIFT_OBJC_BRIDGING_HEADER = "timeTranslate/timeTranslate-Bridging-Header.h";
			};
			name = Release;
		};
		0D5FAA3A1DC5C5600055CD4F /* Debug */ = {
			isa = XCBuildConfiguration;
			buildSettings = {
				BUNDLE_LOADER = "$(TEST_HOST)";
				INFOPLIST_FILE = timeTranslateTests/Info.plist;
				LD_RUNPATH_SEARCH_PATHS = "$(inherited) @executable_path/Frameworks @loader_path/Frameworks";
				PRODUCT_BUNDLE_IDENTIFIER = pengma.timeTranslateTests;
				PRODUCT_NAME = "$(TARGET_NAME)";
				TEST_HOST = "$(BUILT_PRODUCTS_DIR)/timeTranslate.app/timeTranslate";
			};
			name = Debug;
		};
		0D5FAA3B1DC5C5600055CD4F /* Release */ = {
			isa = XCBuildConfiguration;
			buildSettings = {
				BUNDLE_LOADER = "$(TEST_HOST)";
				INFOPLIST_FILE = timeTranslateTests/Info.plist;
				LD_RUNPATH_SEARCH_PATHS = "$(inherited) @executable_path/Frameworks @loader_path/Frameworks";
				PRODUCT_BUNDLE_IDENTIFIER = pengma.timeTranslateTests;
				PRODUCT_NAME = "$(TARGET_NAME)";
				TEST_HOST = "$(BUILT_PRODUCTS_DIR)/timeTranslate.app/timeTranslate";
			};
			name = Release;
		};
		0D5FAA3D1DC5C5600055CD4F /* Debug */ = {
			isa = XCBuildConfiguration;
			buildSettings = {
				INFOPLIST_FILE = timeTranslateUITests/Info.plist;
				LD_RUNPATH_SEARCH_PATHS = "$(inherited) @executable_path/Frameworks @loader_path/Frameworks";
				PRODUCT_BUNDLE_IDENTIFIER = pengma.timeTranslateUITests;
				PRODUCT_NAME = "$(TARGET_NAME)";
				TEST_TARGET_NAME = timeTranslate;
			};
			name = Debug;
		};
		0D5FAA3E1DC5C5600055CD4F /* Release */ = {
			isa = XCBuildConfiguration;
			buildSettings = {
				INFOPLIST_FILE = timeTranslateUITests/Info.plist;
				LD_RUNPATH_SEARCH_PATHS = "$(inherited) @executable_path/Frameworks @loader_path/Frameworks";
				PRODUCT_BUNDLE_IDENTIFIER = pengma.timeTranslateUITests;
				PRODUCT_NAME = "$(TARGET_NAME)";
				TEST_TARGET_NAME = timeTranslate;
			};
			name = Release;
		};
/* End XCBuildConfiguration section */

/* Begin XCConfigurationList section */
		0D4B5EE11DD16826001B2C4A /* Build configuration list for PBXNativeTarget "infoplist" */ = {
			isa = XCConfigurationList;
			buildConfigurations = (
				0D4B5EDB1DD16826001B2C4A /* Debug */,
				0D4B5EDC1DD16826001B2C4A /* Release */,
			);
			defaultConfigurationIsVisible = 0;
		};
		0D4B5EE21DD16826001B2C4A /* Build configuration list for PBXNativeTarget "infoplistTests" */ = {
			isa = XCConfigurationList;
			buildConfigurations = (
				0D4B5EDD1DD16826001B2C4A /* Debug */,
				0D4B5EDE1DD16826001B2C4A /* Release */,
			);
			defaultConfigurationIsVisible = 0;
		};
		0D4B5EE31DD16826001B2C4A /* Build configuration list for PBXNativeTarget "infoplistUITests" */ = {
			isa = XCConfigurationList;
			buildConfigurations = (
				0D4B5EDF1DD16826001B2C4A /* Debug */,
				0D4B5EE01DD16826001B2C4A /* Release */,
			);
			defaultConfigurationIsVisible = 0;
		};
		0D5FAA091DC5C55E0055CD4F /* Build configuration list for PBXProject "timeTranslate" */ = {
			isa = XCConfigurationList;
			buildConfigurations = (
				0D5FAA341DC5C5600055CD4F /* Debug */,
				0D5FAA351DC5C5600055CD4F /* Release */,
			);
			defaultConfigurationIsVisible = 0;
			defaultConfigurationName = Release;
		};
		0D5FAA361DC5C5600055CD4F /* Build configuration list for PBXNativeTarget "timeTranslate" */ = {
			isa = XCConfigurationList;
			buildConfigurations = (
				0D5FAA371DC5C5600055CD4F /* Debug */,
				0D5FAA381DC5C5600055CD4F /* Release */,
			);
			defaultConfigurationIsVisible = 0;
			defaultConfigurationName = Release;
		};
		0D5FAA391DC5C5600055CD4F /* Build configuration list for PBXNativeTarget "timeTranslateTests" */ = {
			isa = XCConfigurationList;
			buildConfigurations = (
				0D5FAA3A1DC5C5600055CD4F /* Debug */,
				0D5FAA3B1DC5C5600055CD4F /* Release */,
			);
			defaultConfigurationIsVisible = 0;
			defaultConfigurationName = Release;
		};
		0D5FAA3C1DC5C5600055CD4F /* Build configuration list for PBXNativeTarget "timeTranslateUITests" */ = {
			isa = XCConfigurationList;
			buildConfigurations = (
				0D5FAA3D1DC5C5600055CD4F /* Debug */,
				0D5FAA3E1DC5C5600055CD4F /* Release */,
			);
			defaultConfigurationIsVisible = 0;
			defaultConfigurationName = Release;
		};
/* End XCConfigurationList section */
	};
	rootObject = 0D5FAA061DC5C55E0055CD4F /* Project object */;
}
